{
  "requires": true,
  "lockfileVersion": 1,
  "dependencies": {
    "@sweetalert2/theme-minimal": {
      "version": "4.0.1",
      "resolved": "https://registry.npmjs.org/@sweetalert2/theme-minimal/-/theme-minimal-4.0.1.tgz",
      "integrity": "sha512-rTDsGStOG0zqEAxwI25Z4mUwT9RxnNnLQxhUvMYNinP6NfclPBoPKmJhpOEotLdnI1YT54TYVb+0DZNwoLoO+g=="
    }
  }
}
